github.com/fxamacker/cbor/v2 v2.9.3 h1:oQBnFATpNdY8gJHTndDDv5Xl4QqNaz51G5LLEPhng3Q=
github.com/fxamacker/cbor/v2 v2.9.3/go.mod h1:vM4b+DJCtHn+zz7h3FFp/hDAI9WNWCsZj23V5ytsSxQ=
github.com/go-authn/fido v0.5.0 h1:8a9egNACJPcGPOcMRLawkk9dUHawhJOP4kSI5dzqw4s=
github.com/go-authn/fido v0.5.0/go.mod h1:LaEepE2Inuw1kNEc0CgGt93VGVKjtyRXBMZfyEclKP8=
github.com/go-authn/mfa v0.1.0 h1:fi0n2rppQvaIyeqa0qaNXa04e55OGEtBmsfQNOym4M0=
github.com/go-authn/mfa v0.1.0/go.mod h1:wPN7SA2sguNCNUjePafkN6BvO9LFc82PRR3bLwboR6I=
github.com/go-mswin/webauthn v0.1.0 h1:1DXdgN0mAPCb99Ur/RUbuFUGWdQ5wzn9AvSlvwhYclM=
github.com/go-mswin/webauthn v0.1.0/go.mod h1:XLO/V+ZHFMvihXV181sH7qH6trhg0xTNddur9T+Pg4I=
github.com/go-mswin/winrt v0.2.0 h1:NUL3AmpMouyS1b/QVPrl3DA3cnrQQs/5kA0MawxQ8+U=
github.com/go-mswin/winrt v0.2.0/go.mod h1:dy1gyfXQt+aiwqd/x+6EwA1yM9BLLZte7M+Cw4tDDu0=
github.com/go-ole/go-ole v1.3.0 h1:Dt6ye7+vXGIKZ7Xtk4s6/xVdGDQynvom7xCFEdWr6uE=
github.com/go-ole/go-ole v1.3.0/go.mod h1:5LS6F96DhAwUc7C+1HLexzMXY1xGRSryjyPPKW6zv78=
github.com/saltosystems/winrt-go v0.0.0-20260513072510-45f10383b2b8 h1:CpUxfPAWwKKHDCH8tKBzAe6lC3c2mDVspXPP10Z+4IQ=
github.com/saltosystems/winrt-go v0.0.0-20260513072510-45f10383b2b8/go.mod h1:CIltaIm7qaANUIvzr0Vmz71lmQMAIbGJ7cvgzX7FMfA=
github.com/x448/float16 v0.8.4 h1:qLwI1I70+NjRFUR3zs1JPUCgaCXSh3SW62uAKT1mSBM=
github.com/x448/float16 v0.8.4/go.mod h1:14CWIYCyZA/cWjXOioeEpHeN/83MdbZDRQHoFcYsOfg=
golang.org/x/sys v0.1.0/go.mod h1:oPkhp1MJrh7nUepCBck5+mAzfO9JrbApNNgaTdGDITg=
golang.org/x/sys v0.47.0 h1:o7XGOvZQCADBQQ4Y7VNq2dRWQR7JmOUW8Kxx4ZsNgWs=
golang.org/x/sys v0.47.0/go.mod h1:4GL1E5IUh+htKOUEOaiffhrAeqysfVGipDYzABqnCmw=
